
Microsoft Visual Studio Solution File, Format Version 12.00
# Visual Studio Version 16
VisualStudioVersion = 16.0.30804.86
MinimumVisualStudioVersion = 10.0.40219.1
Project("{FAE04EC0-301F-11D3-BF4B-00C04F79EFBC}") = "Marketplace", "Marketplace\Marketplace.csproj", "{11E11D99-E86C-4971-88C8-853A1575725B}"
EndProject
Project("{FAE04EC0-301F-11D3-BF4B-00C04F79EFBC}") = "Marketplace.Domain", "Marketplace.Domain\Marketplace.Domain.csproj", "{5C9801D3-5FE2-448D-A652-5AE6E6A479C4}"
EndProject
Project("{FAE04EC0-301F-11D3-BF4B-00C04F79EFBC}") = "Marketplace.Framework", "Marketplace.Framework\Marketplace.Framework.csproj", "{51ED9E34-DED9-4C40-93DB-293BDAE2B817}"
EndProject
Project("{FAE04EC0-301F-11D3-BF4B-00C04F79EFBC}") = "Marketplace.Tests", "Marketplace.Tests\Marketplace.Tests.csproj", "{C36D6AB6-6726-48FF-B7CC-6970049774EA}"
EndProject
Global
	GlobalSection(SolutionConfigurationPlatforms) = preSolution
		Debug|Any CPU = Debug|Any CPU
		Release|Any CPU = Release|Any CPU
	EndGlobalSection
	GlobalSection(ProjectConfigurationPlatforms) = postSolution
		{11E11D99-E86C-4971-88C8-853A1575725B}.Debug|Any CPU.ActiveCfg = Debug|Any CPU
		{11E11D99-E86C-4971-88C8-853A1575725B}.Debug|Any CPU.Build.0 = Debug|Any CPU
		{11E11D99-E86C-4971-88C8-853A1575725B}.Release|Any CPU.ActiveCfg = Release|Any CPU
		{11E11D99-E86C-4971-88C8-853A1575725B}.Release|Any CPU.Build.0 = Release|Any CPU
		{5C9801D3-5FE2-448D-A652-5AE6E6A479C4}.Debug|Any CPU.ActiveCfg = Debug|Any CPU
		{5C9801D3-5FE2-448D-A652-5AE6E6A479C4}.Debug|Any CPU.Build.0 = Debug|Any CPU
		{5C9801D3-5FE2-448D-A652-5AE6E6A479C4}.Release|Any CPU.ActiveCfg = Release|Any CPU
		{5C9801D3-5FE2-448D-A652-5AE6E6A479C4}.Release|Any CPU.Build.0 = Release|Any CPU
		{51ED9E34-DED9-4C40-93DB-293BDAE2B817}.Debug|Any CPU.ActiveCfg = Debug|Any CPU
		{51ED9E34-DED9-4C40-93DB-293BDAE2B817}.Debug|Any CPU.Build.0 = Debug|Any CPU
		{51ED9E34-DED9-4C40-93DB-293BDAE2B817}.Release|Any CPU.ActiveCfg = Release|Any CPU
		{51ED9E34-DED9-4C40-93DB-293BDAE2B817}.Release|Any CPU.Build.0 = Release|Any CPU
		{C36D6AB6-6726-48FF-B7CC-6970049774EA}.Debug|Any CPU.ActiveCfg = Debug|Any CPU
		{C36D6AB6-6726-48FF-B7CC-6970049774EA}.Debug|Any CPU.Build.0 = Debug|Any CPU
		{C36D6AB6-6726-48FF-B7CC-6970049774EA}.Release|Any CPU.ActiveCfg = Release|Any CPU
		{C36D6AB6-6726-48FF-B7CC-6970049774EA}.Release|Any CPU.Build.0 = Release|Any CPU
	EndGlobalSection
	GlobalSection(SolutionProperties) = preSolution
		HideSolutionNode = FALSE
	EndGlobalSection
	GlobalSection(ExtensibilityGlobals) = postSolution
		SolutionGuid = {9692773E-353B-4AAE-BC65-00883A5BCD8F}
	EndGlobalSection
EndGlobal
